
Microsoft Visual Studio Solution File, Format Version 12.00
# Visual Studio 14
VisualStudioVersion = 14.0.25420.1
MinimumVisualStudioVersion = 10.0.40219.1
Project("{FAE04EC0-301F-11D3-BF4B-00C04F79EFBC}") = "STM32F4DISC_Test", "STM32F4DISC_Test\STM32F4DISC_Test.csproj", "{EA899FE4-EF18-4F07-AD52-2BF96E31FFFD}"
EndProject
Project("{FAE04EC0-301F-11D3-BF4B-00C04F79EFBC}") = "ADC_Test", "ADC\ADC_Test.csproj", "{951F02C2-82E2-4794-A5D9-5DA381EAEB86}"
EndProject
Project("{FAE04EC0-301F-11D3-BF4B-00C04F79EFBC}") = "Common", "Common\Common.csproj", "{EA5A8400-C32C-4959-9B77-84B0964CB649}"
EndProject
Project("{FAE04EC0-301F-11D3-BF4B-00C04F79EFBC}") = "LIS302DL", "LIS302DL\LIS302DL.csproj", "{5DE5AA51-1166-4E89-9D7C-8BBA2D7B6012}"
EndProject
Project("{FAE04EC0-301F-11D3-BF4B-00C04F79EFBC}") = "MPU6050_Test", "MPU6050_Test\MPU6050_Test.csproj", "{117643C2-EFBF-447F-9166-513E954AC561}"
EndProject
Project("{FAE04EC0-301F-11D3-BF4B-00C04F79EFBC}") = "PWM_Test", "PWM\PWM_Test.csproj", "{23711AB3-1B68-4108-85BB-CFD530AC3A83}"
EndProject
Project("{FAE04EC0-301F-11D3-BF4B-00C04F79EFBC}") = "RSP125", "RSP125\RSP125.csproj", "{DAD21F17-58D9-4A13-B56D-2908F1211D98}"
EndProject
Project("{FAE04EC0-301F-11D3-BF4B-00C04F79EFBC}") = "ESP2866_Test", "ESP2866_Test\ESP2866_Test.csproj", "{B8E45FD5-CB5E-414C-ADD7-8D0821CAC321}"
EndProject
Project("{FAE04EC0-301F-11D3-BF4B-00C04F79EFBC}") = "PervasiveDigital.Hardware.ESP8266.netmf44", "serialwifi-master\src\netmf44\PervasiveDigital.Hardware.ESP8266\PervasiveDigital.Hardware.ESP8266.netmf44.csproj", "{12E19B00-49AB-49CC-AC36-A534D61D65F2}"
EndProject
Global
	GlobalSection(SharedMSBuildProjectFiles) = preSolution
		serialwifi-master\src\Common\PervasiveDigital.Hardware.ESP8266.Shared\PervasiveDigital.Hardware.ESP8266.Shared.projitems*{12e19b00-49ab-49cc-ac36-a534d61d65f2}*SharedItemsImports = 4
	EndGlobalSection
	GlobalSection(SolutionConfigurationPlatforms) = preSolution
		Debug|Any CPU = Debug|Any CPU
		Release|Any CPU = Release|Any CPU
	EndGlobalSection
	GlobalSection(ProjectConfigurationPlatforms) = postSolution
		{EA899FE4-EF18-4F07-AD52-2BF96E31FFFD}.Debug|Any CPU.ActiveCfg = Debug|Any CPU
		{EA899FE4-EF18-4F07-AD52-2BF96E31FFFD}.Debug|Any CPU.Build.0 = Debug|Any CPU
		{EA899FE4-EF18-4F07-AD52-2BF96E31FFFD}.Debug|Any CPU.Deploy.0 = Debug|Any CPU
		{EA899FE4-EF18-4F07-AD52-2BF96E31FFFD}.Release|Any CPU.ActiveCfg = Release|Any CPU
		{EA899FE4-EF18-4F07-AD52-2BF96E31FFFD}.Release|Any CPU.Build.0 = Release|Any CPU
		{EA899FE4-EF18-4F07-AD52-2BF96E31FFFD}.Release|Any CPU.Deploy.0 = Release|Any CPU
		{951F02C2-82E2-4794-A5D9-5DA381EAEB86}.Debug|Any CPU.ActiveCfg = Debug|Any CPU
		{951F02C2-82E2-4794-A5D9-5DA381EAEB86}.Debug|Any CPU.Build.0 = Debug|Any CPU
		{951F02C2-82E2-4794-A5D9-5DA381EAEB86}.Debug|Any CPU.Deploy.0 = Debug|Any CPU
		{951F02C2-82E2-4794-A5D9-5DA381EAEB86}.Release|Any CPU.ActiveCfg = Release|Any CPU
		{951F02C2-82E2-4794-A5D9-5DA381EAEB86}.Release|Any CPU.Build.0 = Release|Any CPU
		{951F02C2-82E2-4794-A5D9-5DA381EAEB86}.Release|Any CPU.Deploy.0 = Release|Any CPU
		{EA5A8400-C32C-4959-9B77-84B0964CB649}.Debug|Any CPU.ActiveCfg = Debug|Any CPU
		{EA5A8400-C32C-4959-9B77-84B0964CB649}.Debug|Any CPU.Build.0 = Debug|Any CPU
		{EA5A8400-C32C-4959-9B77-84B0964CB649}.Release|Any CPU.ActiveCfg = Release|Any CPU
		{EA5A8400-C32C-4959-9B77-84B0964CB649}.Release|Any CPU.Build.0 = Release|Any CPU
		{5DE5AA51-1166-4E89-9D7C-8BBA2D7B6012}.Debug|Any CPU.ActiveCfg = Debug|Any CPU
		{5DE5AA51-1166-4E89-9D7C-8BBA2D7B6012}.Debug|Any CPU.Build.0 = Debug|Any CPU
		{5DE5AA51-1166-4E89-9D7C-8BBA2D7B6012}.Debug|Any CPU.Deploy.0 = Debug|Any CPU
		{5DE5AA51-1166-4E89-9D7C-8BBA2D7B6012}.Release|Any CPU.ActiveCfg = Release|Any CPU
		{5DE5AA51-1166-4E89-9D7C-8BBA2D7B6012}.Release|Any CPU.Build.0 = Release|Any CPU
		{5DE5AA51-1166-4E89-9D7C-8BBA2D7B6012}.Release|Any CPU.Deploy.0 = Release|Any CPU
		{117643C2-EFBF-447F-9166-513E954AC561}.Debug|Any CPU.ActiveCfg = Debug|Any CPU
		{117643C2-EFBF-447F-9166-513E954AC561}.Debug|Any CPU.Build.0 = Debug|Any CPU
		{117643C2-EFBF-447F-9166-513E954AC561}.Debug|Any CPU.Deploy.0 = Debug|Any CPU
		{117643C2-EFBF-447F-9166-513E954AC561}.Release|Any CPU.ActiveCfg = Release|Any CPU
		{117643C2-EFBF-447F-9166-513E954AC561}.Release|Any CPU.Build.0 = Release|Any CPU
		{117643C2-EFBF-447F-9166-513E954AC561}.Release|Any CPU.Deploy.0 = Release|Any CPU
		{23711AB3-1B68-4108-85BB-CFD530AC3A83}.Debug|Any CPU.ActiveCfg = Debug|Any CPU
		{23711AB3-1B68-4108-85BB-CFD530AC3A83}.Debug|Any CPU.Build.0 = Debug|Any CPU
		{23711AB3-1B68-4108-85BB-CFD530AC3A83}.Debug|Any CPU.Deploy.0 = Debug|Any CPU
		{23711AB3-1B68-4108-85BB-CFD530AC3A83}.Release|Any CPU.ActiveCfg = Release|Any CPU
		{23711AB3-1B68-4108-85BB-CFD530AC3A83}.Release|Any CPU.Build.0 = Release|Any CPU
		{23711AB3-1B68-4108-85BB-CFD530AC3A83}.Release|Any CPU.Deploy.0 = Release|Any CPU
		{DAD21F17-58D9-4A13-B56D-2908F1211D98}.Debug|Any CPU.ActiveCfg = Debug|Any CPU
		{DAD21F17-58D9-4A13-B56D-2908F1211D98}.Debug|Any CPU.Build.0 = Debug|Any CPU
		{DAD21F17-58D9-4A13-B56D-2908F1211D98}.Debug|Any CPU.Deploy.0 = Debug|Any CPU
		{DAD21F17-58D9-4A13-B56D-2908F1211D98}.Release|Any CPU.ActiveCfg = Release|Any CPU
		{DAD21F17-58D9-4A13-B56D-2908F1211D98}.Release|Any CPU.Build.0 = Release|Any CPU
		{DAD21F17-58D9-4A13-B56D-2908F1211D98}.Release|Any CPU.Deploy.0 = Release|Any CPU
		{B8E45FD5-CB5E-414C-ADD7-8D0821CAC321}.Debug|Any CPU.ActiveCfg = Debug|Any CPU
		{B8E45FD5-CB5E-414C-ADD7-8D0821CAC321}.Debug|Any CPU.Build.0 = Debug|Any CPU
		{B8E45FD5-CB5E-414C-ADD7-8D0821CAC321}.Debug|Any CPU.Deploy.0 = Debug|Any CPU
		{B8E45FD5-CB5E-414C-ADD7-8D0821CAC321}.Release|Any CPU.ActiveCfg = Release|Any CPU
		{B8E45FD5-CB5E-414C-ADD7-8D0821CAC321}.Release|Any CPU.Build.0 = Release|Any CPU
		{B8E45FD5-CB5E-414C-ADD7-8D0821CAC321}.Release|Any CPU.Deploy.0 = Release|Any CPU
		{12E19B00-49AB-49CC-AC36-A534D61D65F2}.Debug|Any CPU.ActiveCfg = Debug|Any CPU
		{12E19B00-49AB-49CC-AC36-A534D61D65F2}.Debug|Any CPU.Build.0 = Debug|Any CPU
		{12E19B00-49AB-49CC-AC36-A534D61D65F2}.Release|Any CPU.ActiveCfg = Release|Any CPU
		{12E19B00-49AB-49CC-AC36-A534D61D65F2}.Release|Any CPU.Build.0 = Release|Any CPU
	EndGlobalSection
	GlobalSection(SolutionProperties) = preSolution
		HideSolutionNode = FALSE
	EndGlobalSection
EndGlobal
